
Microsoft Visual Studio Solution File, Format Version 12.00
# Visual Studio Version 16
VisualStudioVersion = 16.0.29806.167
MinimumVisualStudioVersion = 10.0.40219.1
Project("{FAE04EC0-301F-11D3-BF4B-00C04F79EFBC}") = "1.2.2_Demo_VS", "1.2.2_Demo_VS\1.2.2_Demo_VS.csproj", "{1C185C6E-337F-4392-A5D9-AC04D86FE513}"
EndProject
Project("{2150E333-8FDC-42A3-9474-1A3956D46DE8}") = "Modulo_1.2.2", "Modulo_1.2.2", "{2D987E7C-EF5A-44DF-BAE9-A2D1A0F9607D}"
EndProject
Project("{FAE04EC0-301F-11D3-BF4B-00C04F79EFBC}") = "1.2.2_Demo_VS.Utils", "1.2.2_Demo_VS.Utils\1.2.2_Demo_VS.Utils.csproj", "{7186150A-661D-4CAB-9D37-8CEBB7701021}"
EndProject
Project("{2150E333-8FDC-42A3-9474-1A3956D46DE8}") = "Modulo_1.3.1", "Modulo_1.3.1", "{A56F1876-5665-46B9-87A1-F1AFB4907811}"
EndProject
Project("{FAE04EC0-301F-11D3-BF4B-00C04F79EFBC}") = "TiposDeDatos_Constructores", "TiposDeDatos_Constructores\TiposDeDatos_Constructores.csproj", "{74C27359-035B-4B74-9369-A7EC85DB3C2F}"
EndProject
Project("{2150E333-8FDC-42A3-9474-1A3956D46DE8}") = "Modulo_1.3.2", "Modulo_1.3.2", "{DB615519-0817-47C2-8C1F-5034C85F22BD}"
EndProject
Project("{FAE04EC0-301F-11D3-BF4B-00C04F79EFBC}") = "ClasesObjetos", "ClasesObjetos\ClasesObjetos.csproj", "{5251C83E-D134-4D3E-82DE-2CCD882C2CAF}"
EndProject
Project("{FAE04EC0-301F-11D3-BF4B-00C04F79EFBC}") = "Objetos", "Objetos\Objetos.csproj", "{CC82CEFB-2C45-4178-933C-CBD167EFAA8E}"
EndProject
Project("{2150E333-8FDC-42A3-9474-1A3956D46DE8}") = "Modulo_1.3.3", "Modulo_1.3.3", "{AD05CB4C-4AF6-4223-B823-0DB33D76E0F3}"
EndProject
Project("{FAE04EC0-301F-11D3-BF4B-00C04F79EFBC}") = "ClasesVSEstructuras", "ClasesVSEstructuras\ClasesVSEstructuras.csproj", "{BBA606C0-36EB-45FF-8B72-C487923D7A13}"
EndProject
Project("{2150E333-8FDC-42A3-9474-1A3956D46DE8}") = "Modulo_1.3.4", "Modulo_1.3.4", "{9434AAD0-A663-491B-9792-0A0425D4DA0D}"
EndProject
Project("{FAE04EC0-301F-11D3-BF4B-00C04F79EFBC}") = "Metodos", "Metodos\Metodos.csproj", "{C2A4FA8A-63AE-48AC-B066-0DC9FBD712B4}"
EndProject
Project("{2150E333-8FDC-42A3-9474-1A3956D46DE8}") = "Modulo_1.3.5", "Modulo_1.3.5", "{DF77F914-A94F-4A69-BA95-A45B89911A9F}"
EndProject
Project("{FAE04EC0-301F-11D3-BF4B-00C04F79EFBC}") = "Excepciones", "Excepciones\Excepciones.csproj", "{92EF96E2-C673-4CC8-85F0-28C2ECD14B0A}"
EndProject
Project("{2150E333-8FDC-42A3-9474-1A3956D46DE8}") = "Modulo_1.3.7", "Modulo_1.3.7", "{ACFC655F-0772-443A-B735-300B4DA01360}"
EndProject
Project("{FAE04EC0-301F-11D3-BF4B-00C04F79EFBC}") = "Registro", "Registro\Registro.csproj", "{83279353-33C8-421A-ABCC-22B3C5269461}"
EndProject
Project("{FAE04EC0-301F-11D3-BF4B-00C04F79EFBC}") = "Entidades", "Entidades\Entidades.csproj", "{7A5BA075-BB7C-4F40-91DE-257DCD60C1DE}"
EndProject
Project("{2150E333-8FDC-42A3-9474-1A3956D46DE8}") = "Modulo_1.3.10", "Modulo_1.3.10", "{982AB0E5-D6FC-4A99-804E-46E8729BE2FA}"
EndProject
Project("{FAE04EC0-301F-11D3-BF4B-00C04F79EFBC}") = "Interfaces", "Interfaces\Interfaces.csproj", "{9BC11F32-F728-452C-90CD-00B880188DA7}"
EndProject
Project("{FAE04EC0-301F-11D3-BF4B-00C04F79EFBC}") = "Figuras", "Figuras\Figuras.csproj", "{E5CCCADF-B162-4901-B8C9-46ED39CB6688}"
EndProject
Project("{2150E333-8FDC-42A3-9474-1A3956D46DE8}") = "Modulo_1.3.11", "Modulo_1.3.11", "{BFD36AFC-6A07-4BA6-9504-A3B9C96AD6E0}"
EndProject
Project("{FAE04EC0-301F-11D3-BF4B-00C04F79EFBC}") = "Colecciones", "Colecciones\Colecciones.csproj", "{8A8B445C-9C05-42AD-9AE7-26E4857D04FF}"
EndProject
Project("{2150E333-8FDC-42A3-9474-1A3956D46DE8}") = "Modulo_1.3.13", "Modulo_1.3.13", "{3BD5C8D8-8DE6-4A22-8505-47F390774425}"
EndProject
Project("{FAE04EC0-301F-11D3-BF4B-00C04F79EFBC}") = "Delegados", "Delegados\Delegados.csproj", "{BE482E7B-1E08-4C94-ADD8-EF78E92A31B7}"
EndProject
Project("{2150E333-8FDC-42A3-9474-1A3956D46DE8}") = "Modulo_1.4.1", "Modulo_1.4.1", "{81624C92-E383-48E3-A4BC-63E9F10E2D4A}"
EndProject
Project("{FAE04EC0-301F-11D3-BF4B-00C04F79EFBC}") = "Multitask", "Multitask\Multitask.csproj", "{ADFB9D19-8E56-404E-A47D-991B89848C5B}"
EndProject
Project("{2150E333-8FDC-42A3-9474-1A3956D46DE8}") = "Modulo_1.4.2", "Modulo_1.4.2", "{54BC6833-5DE6-4C2F-9745-4E8D92496793}"
EndProject
Project("{FAE04EC0-301F-11D3-BF4B-00C04F79EFBC}") = "OperacionesAsincronas", "OperacionesAsincronas\OperacionesAsincronas.csproj", "{AF8D0987-9BBC-4F99-9E4A-BC721EDF21F8}"
EndProject
Global
	GlobalSection(SolutionConfigurationPlatforms) = preSolution
		Debug|Any CPU = Debug|Any CPU
		Release|Any CPU = Release|Any CPU
	EndGlobalSection
	GlobalSection(ProjectConfigurationPlatforms) = postSolution
		{1C185C6E-337F-4392-A5D9-AC04D86FE513}.Debug|Any CPU.ActiveCfg = Debug|Any CPU
		{1C185C6E-337F-4392-A5D9-AC04D86FE513}.Debug|Any CPU.Build.0 = Debug|Any CPU
		{1C185C6E-337F-4392-A5D9-AC04D86FE513}.Release|Any CPU.ActiveCfg = Release|Any CPU
		{1C185C6E-337F-4392-A5D9-AC04D86FE513}.Release|Any CPU.Build.0 = Release|Any CPU
		{7186150A-661D-4CAB-9D37-8CEBB7701021}.Debug|Any CPU.ActiveCfg = Debug|Any CPU
		{7186150A-661D-4CAB-9D37-8CEBB7701021}.Debug|Any CPU.Build.0 = Debug|Any CPU
		{7186150A-661D-4CAB-9D37-8CEBB7701021}.Release|Any CPU.ActiveCfg = Release|Any CPU
		{7186150A-661D-4CAB-9D37-8CEBB7701021}.Release|Any CPU.Build.0 = Release|Any CPU
		{74C27359-035B-4B74-9369-A7EC85DB3C2F}.Debug|Any CPU.ActiveCfg = Debug|Any CPU
		{74C27359-035B-4B74-9369-A7EC85DB3C2F}.Debug|Any CPU.Build.0 = Debug|Any CPU
		{74C27359-035B-4B74-9369-A7EC85DB3C2F}.Release|Any CPU.ActiveCfg = Release|Any CPU
		{74C27359-035B-4B74-9369-A7EC85DB3C2F}.Release|Any CPU.Build.0 = Release|Any CPU
		{5251C83E-D134-4D3E-82DE-2CCD882C2CAF}.Debug|Any CPU.ActiveCfg = Debug|Any CPU
		{5251C83E-D134-4D3E-82DE-2CCD882C2CAF}.Debug|Any CPU.Build.0 = Debug|Any CPU
		{5251C83E-D134-4D3E-82DE-2CCD882C2CAF}.Release|Any CPU.ActiveCfg = Release|Any CPU
		{5251C83E-D134-4D3E-82DE-2CCD882C2CAF}.Release|Any CPU.Build.0 = Release|Any CPU
		{CC82CEFB-2C45-4178-933C-CBD167EFAA8E}.Debug|Any CPU.ActiveCfg = Debug|Any CPU
		{CC82CEFB-2C45-4178-933C-CBD167EFAA8E}.Debug|Any CPU.Build.0 = Debug|Any CPU
		{CC82CEFB-2C45-4178-933C-CBD167EFAA8E}.Release|Any CPU.ActiveCfg = Release|Any CPU
		{CC82CEFB-2C45-4178-933C-CBD167EFAA8E}.Release|Any CPU.Build.0 = Release|Any CPU
		{BBA606C0-36EB-45FF-8B72-C487923D7A13}.Debug|Any CPU.ActiveCfg = Debug|Any CPU
		{BBA606C0-36EB-45FF-8B72-C487923D7A13}.Debug|Any CPU.Build.0 = Debug|Any CPU
		{BBA606C0-36EB-45FF-8B72-C487923D7A13}.Release|Any CPU.ActiveCfg = Release|Any CPU
		{BBA606C0-36EB-45FF-8B72-C487923D7A13}.Release|Any CPU.Build.0 = Release|Any CPU
		{C2A4FA8A-63AE-48AC-B066-0DC9FBD712B4}.Debug|Any CPU.ActiveCfg = Debug|Any CPU
		{C2A4FA8A-63AE-48AC-B066-0DC9FBD712B4}.Debug|Any CPU.Build.0 = Debug|Any CPU
		{C2A4FA8A-63AE-48AC-B066-0DC9FBD712B4}.Release|Any CPU.ActiveCfg = Release|Any CPU
		{C2A4FA8A-63AE-48AC-B066-0DC9FBD712B4}.Release|Any CPU.Build.0 = Release|Any CPU
		{92EF96E2-C673-4CC8-85F0-28C2ECD14B0A}.Debug|Any CPU.ActiveCfg = Debug|Any CPU
		{92EF96E2-C673-4CC8-85F0-28C2ECD14B0A}.Debug|Any CPU.Build.0 = Debug|Any CPU
		{92EF96E2-C673-4CC8-85F0-28C2ECD14B0A}.Release|Any CPU.ActiveCfg = Release|Any CPU
		{92EF96E2-C673-4CC8-85F0-28C2ECD14B0A}.Release|Any CPU.Build.0 = Release|Any CPU
		{83279353-33C8-421A-ABCC-22B3C5269461}.Debug|Any CPU.ActiveCfg = Debug|Any CPU
		{83279353-33C8-421A-ABCC-22B3C5269461}.Debug|Any CPU.Build.0 = Debug|Any CPU
		{83279353-33C8-421A-ABCC-22B3C5269461}.Release|Any CPU.ActiveCfg = Release|Any CPU
		{83279353-33C8-421A-ABCC-22B3C5269461}.Release|Any CPU.Build.0 = Release|Any CPU
		{7A5BA075-BB7C-4F40-91DE-257DCD60C1DE}.Debug|Any CPU.ActiveCfg = Debug|Any CPU
		{7A5BA075-BB7C-4F40-91DE-257DCD60C1DE}.Debug|Any CPU.Build.0 = Debug|Any CPU
		{7A5BA075-BB7C-4F40-91DE-257DCD60C1DE}.Release|Any CPU.ActiveCfg = Release|Any CPU
		{7A5BA075-BB7C-4F40-91DE-257DCD60C1DE}.Release|Any CPU.Build.0 = Release|Any CPU
		{9BC11F32-F728-452C-90CD-00B880188DA7}.Debug|Any CPU.ActiveCfg = Debug|Any CPU
		{9BC11F32-F728-452C-90CD-00B880188DA7}.Debug|Any CPU.Build.0 = Debug|Any CPU
		{9BC11F32-F728-452C-90CD-00B880188DA7}.Release|Any CPU.ActiveCfg = Release|Any CPU
		{9BC11F32-F728-452C-90CD-00B880188DA7}.Release|Any CPU.Build.0 = Release|Any CPU
		{E5CCCADF-B162-4901-B8C9-46ED39CB6688}.Debug|Any CPU.ActiveCfg = Debug|Any CPU
		{E5CCCADF-B162-4901-B8C9-46ED39CB6688}.Debug|Any CPU.Build.0 = Debug|Any CPU
		{E5CCCADF-B162-4901-B8C9-46ED39CB6688}.Release|Any CPU.ActiveCfg = Release|Any CPU
		{E5CCCADF-B162-4901-B8C9-46ED39CB6688}.Release|Any CPU.Build.0 = Release|Any CPU
		{8A8B445C-9C05-42AD-9AE7-26E4857D04FF}.Debug|Any CPU.ActiveCfg = Debug|Any CPU
		{8A8B445C-9C05-42AD-9AE7-26E4857D04FF}.Debug|Any CPU.Build.0 = Debug|Any CPU
		{8A8B445C-9C05-42AD-9AE7-26E4857D04FF}.Release|Any CPU.ActiveCfg = Release|Any CPU
		{8A8B445C-9C05-42AD-9AE7-26E4857D04FF}.Release|Any CPU.Build.0 = Release|Any CPU
		{BE482E7B-1E08-4C94-ADD8-EF78E92A31B7}.Debug|Any CPU.ActiveCfg = Debug|Any CPU
		{BE482E7B-1E08-4C94-ADD8-EF78E92A31B7}.Debug|Any CPU.Build.0 = Debug|Any CPU
		{BE482E7B-1E08-4C94-ADD8-EF78E92A31B7}.Release|Any CPU.ActiveCfg = Release|Any CPU
		{BE482E7B-1E08-4C94-ADD8-EF78E92A31B7}.Release|Any CPU.Build.0 = Release|Any CPU
		{ADFB9D19-8E56-404E-A47D-991B89848C5B}.Debug|Any CPU.ActiveCfg = Debug|Any CPU
		{ADFB9D19-8E56-404E-A47D-991B89848C5B}.Debug|Any CPU.Build.0 = Debug|Any CPU
		{ADFB9D19-8E56-404E-A47D-991B89848C5B}.Release|Any CPU.ActiveCfg = Release|Any CPU
		{ADFB9D19-8E56-404E-A47D-991B89848C5B}.Release|Any CPU.Build.0 = Release|Any CPU
		{AF8D0987-9BBC-4F99-9E4A-BC721EDF21F8}.Debug|Any CPU.ActiveCfg = Debug|Any CPU
		{AF8D0987-9BBC-4F99-9E4A-BC721EDF21F8}.Debug|Any CPU.Build.0 = Debug|Any CPU
		{AF8D0987-9BBC-4F99-9E4A-BC721EDF21F8}.Release|Any CPU.ActiveCfg = Release|Any CPU
		{AF8D0987-9BBC-4F99-9E4A-BC721EDF21F8}.Release|Any CPU.Build.0 = Release|Any CPU
	EndGlobalSection
	GlobalSection(SolutionProperties) = preSolution
		HideSolutionNode = FALSE
	EndGlobalSection
	GlobalSection(NestedProjects) = preSolution
		{1C185C6E-337F-4392-A5D9-AC04D86FE513} = {2D987E7C-EF5A-44DF-BAE9-A2D1A0F9607D}
		{7186150A-661D-4CAB-9D37-8CEBB7701021} = {2D987E7C-EF5A-44DF-BAE9-A2D1A0F9607D}
		{74C27359-035B-4B74-9369-A7EC85DB3C2F} = {A56F1876-5665-46B9-87A1-F1AFB4907811}
		{5251C83E-D134-4D3E-82DE-2CCD882C2CAF} = {DB615519-0817-47C2-8C1F-5034C85F22BD}
		{CC82CEFB-2C45-4178-933C-CBD167EFAA8E} = {DB615519-0817-47C2-8C1F-5034C85F22BD}
		{BBA606C0-36EB-45FF-8B72-C487923D7A13} = {AD05CB4C-4AF6-4223-B823-0DB33D76E0F3}
		{C2A4FA8A-63AE-48AC-B066-0DC9FBD712B4} = {9434AAD0-A663-491B-9792-0A0425D4DA0D}
		{92EF96E2-C673-4CC8-85F0-28C2ECD14B0A} = {DF77F914-A94F-4A69-BA95-A45B89911A9F}
		{83279353-33C8-421A-ABCC-22B3C5269461} = {ACFC655F-0772-443A-B735-300B4DA01360}
		{7A5BA075-BB7C-4F40-91DE-257DCD60C1DE} = {ACFC655F-0772-443A-B735-300B4DA01360}
		{9BC11F32-F728-452C-90CD-00B880188DA7} = {982AB0E5-D6FC-4A99-804E-46E8729BE2FA}
		{E5CCCADF-B162-4901-B8C9-46ED39CB6688} = {982AB0E5-D6FC-4A99-804E-46E8729BE2FA}
		{8A8B445C-9C05-42AD-9AE7-26E4857D04FF} = {BFD36AFC-6A07-4BA6-9504-A3B9C96AD6E0}
		{BE482E7B-1E08-4C94-ADD8-EF78E92A31B7} = {3BD5C8D8-8DE6-4A22-8505-47F390774425}
		{ADFB9D19-8E56-404E-A47D-991B89848C5B} = {81624C92-E383-48E3-A4BC-63E9F10E2D4A}
		{AF8D0987-9BBC-4F99-9E4A-BC721EDF21F8} = {54BC6833-5DE6-4C2F-9745-4E8D92496793}
	EndGlobalSection
	GlobalSection(ExtensibilityGlobals) = postSolution
		SolutionGuid = {2E019EFC-F20F-45C5-9F70-6F0134C81453}
	EndGlobalSection
EndGlobal
